// !$*UTF8*$!
{
	archiveVersion = 1;
	classes = {
	};
	objectVersion = 52;
	objects = {

/* Begin PBXBuildFile section */
		507A37542696969900EC19C1 /* AppDelegate.swift in Sources */ = {isa = PBXBuildFile; fileRef = 507A37532696969900EC19C1 /* AppDelegate.swift */; };
		507A37562696969900EC19C1 /* SceneDelegate.swift in Sources */ = {isa = PBXBuildFile; fileRef = 507A37552696969900EC19C1 /* SceneDelegate.swift */; };
		507A37582696969900EC19C1 /* BaseViewController.swift in Sources */ = {isa = PBXBuildFile; fileRef = 507A37572696969900EC19C1 /* BaseViewController.swift */; };
		507A375D2696969B00EC19C1 /* Assets.xcassets in Resources */ = {isa = PBXBuildFile; fileRef = 507A375C2696969B00EC19C1 /* Assets.xcassets */; };
		507A3768269696B800EC19C1 /* MainCoordinator.swift in Sources */ = {isa = PBXBuildFile; fileRef = 507A3767269696B800EC19C1 /* MainCoordinator.swift */; };
		507A376A269698BE00EC19C1 /* MainNavigationController.swift in Sources */ = {isa = PBXBuildFile; fileRef = 507A3769269698BE00EC19C1 /* MainNavigationController.swift */; };
		507A376C26969ADE00EC19C1 /* HomeViewController.swift in Sources */ = {isa = PBXBuildFile; fileRef = 507A376B26969ADE00EC19C1 /* HomeViewController.swift */; };
		507A376E26969AE600EC19C1 /* DetailViewController.swift in Sources */ = {isa = PBXBuildFile; fileRef = 507A376D26969AE600EC19C1 /* DetailViewController.swift */; };
		507A377026969C9800EC19C1 /* HomeCoordinator.swift in Sources */ = {isa = PBXBuildFile; fileRef = 507A376F26969C9800EC19C1 /* HomeCoordinator.swift */; };
		507A37782696D52400EC19C1 /* SnapKit in Frameworks */ = {isa = PBXBuildFile; productRef = 507A37772696D52400EC19C1 /* SnapKit */; };
		507A377B2696D59500EC19C1 /* RxCocoa in Frameworks */ = {isa = PBXBuildFile; productRef = 507A377A2696D59500EC19C1 /* RxCocoa */; };
		507A377D2696D59500EC19C1 /* RxSwift in Frameworks */ = {isa = PBXBuildFile; productRef = 507A377C2696D59500EC19C1 /* RxSwift */; };
		507A377F2696D59500EC19C1 /* RxRelay in Frameworks */ = {isa = PBXBuildFile; productRef = 507A377E2696D59500EC19C1 /* RxRelay */; };
		507A37852696D64F00EC19C1 /* HomeViewModel.swift in Sources */ = {isa = PBXBuildFile; fileRef = 507A37842696D64F00EC19C1 /* HomeViewModel.swift */; };
		507A37872696D9A900EC19C1 /* TodoModelType.swift in Sources */ = {isa = PBXBuildFile; fileRef = 507A37862696D9A900EC19C1 /* TodoModelType.swift */; };
		507A37892696DB8A00EC19C1 /* Todo.swift in Sources */ = {isa = PBXBuildFile; fileRef = 507A37882696DB8A00EC19C1 /* Todo.swift */; };
		507A378C2696E9BA00EC19C1 /* BaseViewModel.swift in Sources */ = {isa = PBXBuildFile; fileRef = 507A378B2696E9BA00EC19C1 /* BaseViewModel.swift */; };
		507A378E2696F01C00EC19C1 /* DetailViewModel.swift in Sources */ = {isa = PBXBuildFile; fileRef = 507A378D2696F01C00EC19C1 /* DetailViewModel.swift */; };
/* End PBXBuildFile section */

/* Begin PBXFileReference section */
		507A37502696969900EC19C1 /* CoordinatorSample.app */ = {isa = PBXFileReference; explicitFileType = wrapper.application; includeInIndex = 0; path = CoordinatorSample.app; sourceTree = BUILT_PRODUCTS_DIR; };
		507A37532696969900EC19C1 /* AppDelegate.swift */ = {isa = PBXFileReference; lastKnownFileType = sourcecode.swift; path = AppDelegate.swift; sourceTree = "<group>"; };
		507A37552696969900EC19C1 /* SceneDelegate.swift */ = {isa = PBXFileReference; lastKnownFileType = sourcecode.swift; path = SceneDelegate.swift; sourceTree = "<group>"; };
		507A37572696969900EC19C1 /* BaseViewController.swift */ = {isa = PBXFileReference; lastKnownFileType = sourcecode.swift; path = BaseViewController.swift; sourceTree = "<group>"; };
		507A375C2696969B00EC19C1 /* Assets.xcassets */ = {isa = PBXFileReference; lastKnownFileType = folder.assetcatalog; path = Assets.xcassets; sourceTree = "<group>"; };
		507A37612696969B00EC19C1 /* Info.plist */ = {isa = PBXFileReference; lastKnownFileType = text.plist.xml; path = Info.plist; sourceTree = "<group>"; };
		507A3767269696B800EC19C1 /* MainCoordinator.swift */ = {isa = PBXFileReference; lastKnownFileType = sourcecode.swift; path = MainCoordinator.swift; sourceTree = "<group>"; };
		507A3769269698BE00EC19C1 /* MainNavigationController.swift */ = {isa = PBXFileReference; lastKnownFileType = sourcecode.swift; path = MainNavigationController.swift; sourceTree = "<group>"; };
		507A376B26969ADE00EC19C1 /* HomeViewController.swift */ = {isa = PBXFileReference; lastKnownFileType = sourcecode.swift; path = HomeViewController.swift; sourceTree = "<group>"; };
		507A376D26969AE600EC19C1 /* DetailViewController.swift */ = {isa = PBXFileReference; lastKnownFileType = sourcecode.swift; path = DetailViewController.swift; sourceTree = "<group>"; };
		507A376F26969C9800EC19C1 /* HomeCoordinator.swift */ = {isa = PBXFileReference; lastKnownFileType = sourcecode.swift; path = HomeCoordinator.swift; sourceTree = "<group>"; };
		507A37842696D64F00EC19C1 /* HomeViewModel.swift */ = {isa = PBXFileReference; lastKnownFileType = sourcecode.swift; path = HomeViewModel.swift; sourceTree = "<group>"; };
		507A37862696D9A900EC19C1 /* TodoModelType.swift */ = {isa = PBXFileReference; lastKnownFileType = sourcecode.swift; path = TodoModelType.swift; sourceTree = "<group>"; };
		507A37882696DB8A00EC19C1 /* Todo.swift */ = {isa = PBXFileReference; lastKnownFileType = sourcecode.swift; path = Todo.swift; sourceTree = "<group>"; };
		507A378B2696E9BA00EC19C1 /* BaseViewModel.swift */ = {isa = PBXFileReference; lastKnownFileType = sourcecode.swift; path = BaseViewModel.swift; sourceTree = "<group>"; };
		507A378D2696F01C00EC19C1 /* DetailViewModel.swift */ = {isa = PBXFileReference; lastKnownFileType = sourcecode.swift; path = DetailViewModel.swift; sourceTree = "<group>"; };
/* End PBXFileReference section */

/* Begin PBXFrameworksBuildPhase section */
		507A374D2696969900EC19C1 /* Frameworks */ = {
			isa = PBXFrameworksBuildPhase;
			buildActionMask = 2147483647;
			files = (
				507A377D2696D59500EC19C1 /* RxSwift in Frameworks */,
				507A377B2696D59500EC19C1 /* RxCocoa in Frameworks */,
				507A377F2696D59500EC19C1 /* RxRelay in Frameworks */,
				507A37782696D52400EC19C1 /* SnapKit in Frameworks */,
			);
			runOnlyForDeploymentPostprocessing = 0;
		};
/* End PBXFrameworksBuildPhase section */

/* Begin PBXGroup section */
		507A37472696969900EC19C1 = {
			isa = PBXGroup;
			children = (
				507A37522696969900EC19C1 /* CoordinatorSample */,
				507A37512696969900EC19C1 /* Products */,
			);
			sourceTree = "<group>";
		};
		507A37512696969900EC19C1 /* Products */ = {
			isa = PBXGroup;
			children = (
				507A37502696969900EC19C1 /* CoordinatorSample.app */,
			);
			name = Products;
			sourceTree = "<group>";
		};
		507A37522696969900EC19C1 /* CoordinatorSample */ = {
			isa = PBXGroup;
			children = (
				507A378A2696DB8E00EC19C1 /* Model */,
				507A37812696D5B400EC19C1 /* Views */,
				507A37802696D59B00EC19C1 /* Coordinators */,
				507A37862696D9A900EC19C1 /* TodoModelType.swift */,
				507A37532696969900EC19C1 /* AppDelegate.swift */,
				507A37552696969900EC19C1 /* SceneDelegate.swift */,
				507A375C2696969B00EC19C1 /* Assets.xcassets */,
				507A37612696969B00EC19C1 /* Info.plist */,
			);
			path = CoordinatorSample;
			sourceTree = "<group>";
		};
		507A37802696D59B00EC19C1 /* Coordinators */ = {
			isa = PBXGroup;
			children = (
				507A3767269696B800EC19C1 /* MainCoordinator.swift */,
				507A376F26969C9800EC19C1 /* HomeCoordinator.swift */,
			);
			path = Coordinators;
			sourceTree = "<group>";
		};
		507A37812696D5B400EC19C1 /* Views */ = {
			isa = PBXGroup;
			children = (
				507A37832696D64000EC19C1 /* Detail */,
				507A37822696D63700EC19C1 /* Home */,
				507A37572696969900EC19C1 /* BaseViewController.swift */,
				507A378B2696E9BA00EC19C1 /* BaseViewModel.swift */,
				507A3769269698BE00EC19C1 /* MainNavigationController.swift */,
			);
			path = Views;
			sourceTree = "<group>";
		};
		507A37822696D63700EC19C1 /* Home */ = {
			isa = PBXGroup;
			children = (
				507A376B26969ADE00EC19C1 /* HomeViewController.swift */,
				507A37842696D64F00EC19C1 /* HomeViewModel.swift */,
			);
			path = Home;
			sourceTree = "<group>";
		};
		507A37832696D64000EC19C1 /* Detail */ = {
			isa = PBXGroup;
			children = (
				507A376D26969AE600EC19C1 /* DetailViewController.swift */,
				507A378D2696F01C00EC19C1 /* DetailViewModel.swift */,
			);
			path = Detail;
			sourceTree = "<group>";
		};
		507A378A2696DB8E00EC19C1 /* Model */ = {
			isa = PBXGroup;
			children = (
				507A37882696DB8A00EC19C1 /* Todo.swift */,
			);
			path = Model;
			sourceTree = "<group>";
		};
/* End PBXGroup section */

/* Begin PBXNativeTarget section */
		507A374F2696969900EC19C1 /* CoordinatorSample */ = {
			isa = PBXNativeTarget;
			buildConfigurationList = 507A37642696969B00EC19C1 /* Build configuration list for PBXNativeTarget "CoordinatorSample" */;
			buildPhases = (
				507A374C2696969900EC19C1 /* Sources */,
				507A374D2696969900EC19C1 /* Frameworks */,
				507A374E2696969900EC19C1 /* Resources */,
			);
			buildRules = (
			);
			dependencies = (
			);
			name = CoordinatorSample;
			packageProductDependencies = (
				507A37772696D52400EC19C1 /* SnapKit */,
				507A377A2696D59500EC19C1 /* RxCocoa */,
				507A377C2696D59500EC19C1 /* RxSwift */,
				507A377E2696D59500EC19C1 /* RxRelay */,
			);
			productName = CoordinatorSample;
			productReference = 507A37502696969900EC19C1 /* CoordinatorSample.app */;
			productType = "com.apple.product-type.application";
		};
/* End PBXNativeTarget section */

/* Begin PBXProject section */
		507A37482696969900EC19C1 /* Project object */ = {
			isa = PBXProject;
			attributes = {
				LastSwiftUpdateCheck = 1250;
				LastUpgradeCheck = 1250;
				TargetAttributes = {
					507A374F2696969900EC19C1 = {
						CreatedOnToolsVersion = 12.5.1;
					};
				};
			};
			buildConfigurationList = 507A374B2696969900EC19C1 /* Build configuration list for PBXProject "CoordinatorSample" */;
			compatibilityVersion = "Xcode 9.3";
			developmentRegion = en;
			hasScannedForEncodings = 0;
			knownRegions = (
				en,
				Base,
			);
			mainGroup = 507A37472696969900EC19C1;
			packageReferences = (
				507A37762696D52400EC19C1 /* XCRemoteSwiftPackageReference "snapkit" */,
				507A37792696D59500EC19C1 /* XCRemoteSwiftPackageReference "rxswift" */,
			);
			productRefGroup = 507A37512696969900EC19C1 /* Products */;
			projectDirPath = "";
			projectRoot = "";
			targets = (
				507A374F2696969900EC19C1 /* CoordinatorSample */,
			);
		};
/* End PBXProject section */

/* Begin PBXResourcesBuildPhase section */
		507A374E2696969900EC19C1 /* Resources */ = {
			isa = PBXResourcesBuildPhase;
			buildActionMask = 2147483647;
			files = (
				507A375D2696969B00EC19C1 /* Assets.xcassets in Resources */,
			);
			runOnlyForDeploymentPostprocessing = 0;
		};
/* End PBXResourcesBuildPhase section */

/* Begin PBXSourcesBuildPhase section */
		507A374C2696969900EC19C1 /* Sources */ = {
			isa = PBXSourcesBuildPhase;
			buildActionMask = 2147483647;
			files = (
				507A376A269698BE00EC19C1 /* MainNavigationController.swift in Sources */,
				507A37852696D64F00EC19C1 /* HomeViewModel.swift in Sources */,
				507A37582696969900EC19C1 /* BaseViewController.swift in Sources */,
				507A3768269696B800EC19C1 /* MainCoordinator.swift in Sources */,
				507A37542696969900EC19C1 /* AppDelegate.swift in Sources */,
				507A378C2696E9BA00EC19C1 /* BaseViewModel.swift in Sources */,
				507A37872696D9A900EC19C1 /* TodoModelType.swift in Sources */,
				507A37562696969900EC19C1 /* SceneDelegate.swift in Sources */,
				507A377026969C9800EC19C1 /* HomeCoordinator.swift in Sources */,
				507A378E2696F01C00EC19C1 /* DetailViewModel.swift in Sources */,
				507A37892696DB8A00EC19C1 /* Todo.swift in Sources */,
				507A376C26969ADE00EC19C1 /* HomeViewController.swift in Sources */,
				507A376E26969AE600EC19C1 /* DetailViewController.swift in Sources */,
			);
			runOnlyForDeploymentPostprocessing = 0;
		};
/* End PBXSourcesBuildPhase section */

/* Begin XCBuildConfiguration section */
		507A37622696969B00EC19C1 /* Debug */ = {
			isa = XCBuildConfiguration;
			buildSettings = {
				ALWAYS_SEARCH_USER_PATHS = NO;
				CLANG_ANALYZER_NONNULL = YES;
				CLANG_ANALYZER_NUMBER_OBJECT_CONVERSION = YES_AGGRESSIVE;
				CLANG_CXX_LANGUAGE_STANDARD = "gnu++14";
				CLANG_CXX_LIBRARY = "libc++";
				CLANG_ENABLE_MODULES = YES;
				CLANG_ENABLE_OBJC_ARC = YES;
				CLANG_ENABLE_OBJC_WEAK = YES;
				CLANG_WARN_BLOCK_CAPTURE_AUTORELEASING = YES;
				CLANG_WARN_BOOL_CONVERSION = YES;
				CLANG_WARN_COMMA = YES;
				CLANG_WARN_CONSTANT_CONVERSION = YES;
				CLANG_WARN_DEPRECATED_OBJC_IMPLEMENTATIONS = YES;
				CLANG_WARN_DIRECT_OBJC_ISA_USAGE = YES_ERROR;
				CLANG_WARN_DOCUMENTATION_COMMENTS = YES;
				CLANG_WARN_EMPTY_BODY = YES;
				CLANG_WARN_ENUM_CONVERSION = YES;
				CLANG_WARN_INFINITE_RECURSION = YES;
				CLANG_WARN_INT_CONVERSION = YES;
				CLANG_WARN_NON_LITERAL_NULL_CONVERSION = YES;
				CLANG_WARN_OBJC_IMPLICIT_RETAIN_SELF = YES;
				CLANG_WARN_OBJC_LITERAL_CONVERSION = YES;
				CLANG_WARN_OBJC_ROOT_CLASS = YES_ERROR;
				CLANG_WARN_QUOTED_INCLUDE_IN_FRAMEWORK_HEADER = YES;
				CLANG_WARN_RANGE_LOOP_ANALYSIS = YES;
				CLANG_WARN_STRICT_PROTOTYPES = YES;
				CLANG_WARN_SUSPICIOUS_MOVE = YES;
				CLANG_WARN_UNGUARDED_AVAILABILITY = YES_AGGRESSIVE;
				CLANG_WARN_UNREACHABLE_CODE = YES;
				CLANG_WARN__DUPLICATE_METHOD_MATCH = YES;
				COPY_PHASE_STRIP = NO;
				DEBUG_INFORMATION_FORMAT = dwarf;
				ENABLE_STRICT_OBJC_MSGSEND = YES;
				ENABLE_TESTABILITY = YES;
				GCC_C_LANGUAGE_STANDARD = gnu11;
				GCC_DYNAMIC_NO_PIC = NO;
				GCC_NO_COMMON_BLOCKS = YES;
				GCC_OPTIMIZATION_LEVEL = 0;
				GCC_PREPROCESSOR_DEFINITIONS = (
					"DEBUG=1",
					"$(inherited)",
				);
				GCC_WARN_64_TO_32_BIT_CONVERSION = YES;
				GCC_WARN_ABOUT_RETURN_TYPE = YES_ERROR;
				GCC_WARN_UNDECLARED_SELECTOR = YES;
				GCC_WARN_UNINITIALIZED_AUTOS = YES_AGGRESSIVE;
				GCC_WARN_UNUSED_FUNCTION = YES;
				GCC_WARN_UNUSED_VARIABLE = YES;
				IPHONEOS_DEPLOYMENT_TARGET = 14.5;
				MTL_ENABLE_DEBUG_INFO = INCLUDE_SOURCE;
				MTL_FAST_MATH = YES;
				ONLY_ACTIVE_ARCH = YES;
				SDKROOT = iphoneos;
				SWIFT_ACTIVE_COMPILATION_CONDITIONS = DEBUG;
				SWIFT_OPTIMIZATION_LEVEL = "-Onone";
			};
			name = Debug;
		};
		507A37632696969B00EC19C1 /* Release */ = {
			isa = XCBuildConfiguration;
			buildSettings = {
				ALWAYS_SEARCH_USER_PATHS = NO;
				CLANG_ANALYZER_NONNULL = YES;
				CLANG_ANALYZER_NUMBER_OBJECT_CONVERSION = YES_AGGRESSIVE;
				CLANG_CXX_LANGUAGE_STANDARD = "gnu++14";
				CLANG_CXX_LIBRARY = "libc++";
				CLANG_ENABLE_MODULES = YES;
				CLANG_ENABLE_OBJC_ARC = YES;
				CLANG_ENABLE_OBJC_WEAK = YES;
				CLANG_WARN_BLOCK_CAPTURE_AUTORELEASING = YES;
				CLANG_WARN_BOOL_CONVERSION = YES;
				CLANG_WARN_COMMA = YES;
				CLANG_WARN_CONSTANT_CONVERSION = YES;
				CLANG_WARN_DEPRECATED_OBJC_IMPLEMENTATIONS = YES;
				CLANG_WARN_DIRECT_OBJC_ISA_USAGE = YES_ERROR;
				CLANG_WARN_DOCUMENTATION_COMMENTS = YES;
				CLANG_WARN_EMPTY_BODY = YES;
				CLANG_WARN_ENUM_CONVERSION = YES;
				CLANG_WARN_INFINITE_RECURSION = YES;
				CLANG_WARN_INT_CONVERSION = YES;
				CLANG_WARN_NON_LITERAL_NULL_CONVERSION = YES;
				CLANG_WARN_OBJC_IMPLICIT_RETAIN_SELF = YES;
				CLANG_WARN_OBJC_LITERAL_CONVERSION = YES;
				CLANG_WARN_OBJC_ROOT_CLASS = YES_ERROR;
				CLANG_WARN_QUOTED_INCLUDE_IN_FRAMEWORK_HEADER = YES;
				CLANG_WARN_RANGE_LOOP_ANALYSIS = YES;
				CLANG_WARN_STRICT_PROTOTYPES = YES;
				CLANG_WARN_SUSPICIOUS_MOVE = YES;
				CLANG_WARN_UNGUARDED_AVAILABILITY = YES_AGGRESSIVE;
				CLANG_WARN_UNREACHABLE_CODE = YES;
				CLANG_WARN__DUPLICATE_METHOD_MATCH = YES;
				COPY_PHASE_STRIP = NO;
				DEBUG_INFORMATION_FORMAT = "dwarf-with-dsym";
				ENABLE_NS_ASSERTIONS = NO;
				ENABLE_STRICT_OBJC_MSGSEND = YES;
				GCC_C_LANGUAGE_STANDARD = gnu11;
				GCC_NO_COMMON_BLOCKS = YES;
				GCC_WARN_64_TO_32_BIT_CONVERSION = YES;
				GCC_WARN_ABOUT_RETURN_TYPE = YES_ERROR;
				GCC_WARN_UNDECLARED_SELECTOR = YES;
				GCC_WARN_UNINITIALIZED_AUTOS = YES_AGGRESSIVE;
				GCC_WARN_UNUSED_FUNCTION = YES;
				GCC_WARN_UNUSED_VARIABLE = YES;
				IPHONEOS_DEPLOYMENT_TARGET = 14.5;
				MTL_ENABLE_DEBUG_INFO = NO;
				MTL_FAST_MATH = YES;
				SDKROOT = iphoneos;
				SWIFT_COMPILATION_MODE = wholemodule;
				SWIFT_OPTIMIZATION_LEVEL = "-O";
				VALIDATE_PRODUCT = YES;
			};
			name = Release;
		};
		507A37652696969B00EC19C1 /* Debug */ = {
			isa = XCBuildConfiguration;
			buildSettings = {
				ASSETCATALOG_COMPILER_APPICON_NAME = AppIcon;
				ASSETCATALOG_COMPILER_GLOBAL_ACCENT_COLOR_NAME = AccentColor;
				CODE_SIGN_STYLE = Automatic;
				DEVELOPMENT_TEAM = G37F7HJP2B;
				INFOPLIST_FILE = CoordinatorSample/Info.plist;
				LD_RUNPATH_SEARCH_PATHS = (
					"$(inherited)",
					"@executable_path/Frameworks",
				);
				PRODUCT_BUNDLE_IDENTIFIER = com.doremin.CoordinatorSample;
				PRODUCT_NAME = "$(TARGET_NAME)";
				SWIFT_VERSION = 5.0;
				TARGETED_DEVICE_FAMILY = "1,2";
			};
			name = Debug;
		};
		507A37662696969B00EC19C1 /* Release */ = {
			isa = XCBuildConfiguration;
			buildSettings = {
				ASSETCATALOG_COMPILER_APPICON_NAME = AppIcon;
				ASSETCATALOG_COMPILER_GLOBAL_ACCENT_COLOR_NAME = AccentColor;
				CODE_SIGN_STYLE = Automatic;
				DEVELOPMENT_TEAM = G37F7HJP2B;
				INFOPLIST_FILE = CoordinatorSample/Info.plist;
				LD_RUNPATH_SEARCH_PATHS = (
					"$(inherited)",
					"@executable_path/Frameworks",
				);
				PRODUCT_BUNDLE_IDENTIFIER = com.doremin.CoordinatorSample;
				PRODUCT_NAME = "$(TARGET_NAME)";
				SWIFT_VERSION = 5.0;
				TARGETED_DEVICE_FAMILY = "1,2";
			};
			name = Release;
		};
/* End XCBuildConfiguration section */

/* Begin XCConfigurationList section */
		507A374B2696969900EC19C1 /* Build configuration list for PBXProject "CoordinatorSample" */ = {
			isa = XCConfigurationList;
			buildConfigurations = (
				507A37622696969B00EC19C1 /* Debug */,
				507A37632696969B00EC19C1 /* Release */,
			);
			defaultConfigurationIsVisible = 0;
			defaultConfigurationName = Release;
		};
		507A37642696969B00EC19C1 /* Build configuration list for PBXNativeTarget "CoordinatorSample" */ = {
			isa = XCConfigurationList;
			buildConfigurations = (
				507A37652696969B00EC19C1 /* Debug */,
				507A37662696969B00EC19C1 /* Release */,
			);
			defaultConfigurationIsVisible = 0;
			defaultConfigurationName = Release;
		};
/* End XCConfigurationList section */

/* Begin XCRemoteSwiftPackageReference section */
		507A37762696D52400EC19C1 /* XCRemoteSwiftPackageReference "snapkit" */ = {
			isa = XCRemoteSwiftPackageReference;
			repositoryURL = "https://github.com/snapkit/snapkit";
			requirement = {
				kind = upToNextMajorVersion;
				minimumVersion = 5.0.1;
			};
		};
		507A37792696D59500EC19C1 /* XCRemoteSwiftPackageReference "rxswift" */ = {
			isa = XCRemoteSwiftPackageReference;
			repositoryURL = "https://github.com/reactivex/rxswift";
			requirement = {
				kind = upToNextMajorVersion;
				minimumVersion = 6.2.0;
			};
		};
/* End XCRemoteSwiftPackageReference section */

/* Begin XCSwiftPackageProductDependency section */
		507A37772696D52400EC19C1 /* SnapKit */ = {
			isa = XCSwiftPackageProductDependency;
			package = 507A37762696D52400EC19C1 /* XCRemoteSwiftPackageReference "snapkit" */;
			productName = SnapKit;
		};
		507A377A2696D59500EC19C1 /* RxCocoa */ = {
			isa = XCSwiftPackageProductDependency;
			package = 507A37792696D59500EC19C1 /* XCRemoteSwiftPackageReference "rxswift" */;
			productName = RxCocoa;
		};
		507A377C2696D59500EC19C1 /* RxSwift */ = {
			isa = XCSwiftPackageProductDependency;
			package = 507A37792696D59500EC19C1 /* XCRemoteSwiftPackageReference "rxswift" */;
			productName = RxSwift;
		};
		507A377E2696D59500EC19C1 /* RxRelay */ = {
			isa = XCSwiftPackageProductDependency;
			package = 507A37792696D59500EC19C1 /* XCRemoteSwiftPackageReference "rxswift" */;
			productName = RxRelay;
		};
/* End XCSwiftPackageProductDependency section */
	};
	rootObject = 507A37482696969900EC19C1 /* Project object */;
}
